
Microsoft Visual Studio Solution File, Format Version 12.00
# Visual Studio Version 17
VisualStudioVersion = 17.14.37628.2 d17.14
MinimumVisualStudioVersion = 10.0.40219.1
Project("{FAE04EC0-301F-11D3-BF4B-00C04F79EFBC}") = "Assignment_if_elseif", "Assignment_if_elseif\Assignment_if_elseif.csproj", "{7AE29605-2E5F-41C0-ACD1-AC64FEFD57D5}"
EndProject
Global
	GlobalSection(SolutionConfigurationPlatforms) = preSolution
		Debug|Any CPU = Debug|Any CPU
		Release|Any CPU = Release|Any CPU
	EndGlobalSection
	GlobalSection(ProjectConfigurationPlatforms) = postSolution
		{7AE29605-2E5F-41C0-ACD1-AC64FEFD57D5}.Debug|Any CPU.ActiveCfg = Debug|Any CPU
		{7AE29605-2E5F-41C0-ACD1-AC64FEFD57D5}.Debug|Any CPU.Build.0 = Debug|Any CPU
		{7AE29605-2E5F-41C0-ACD1-AC64FEFD57D5}.Release|Any CPU.ActiveCfg = Release|Any CPU
		{7AE29605-2E5F-41C0-ACD1-AC64FEFD57D5}.Release|Any CPU.Build.0 = Release|Any CPU
	EndGlobalSection
	GlobalSection(SolutionProperties) = preSolution
		HideSolutionNode = FALSE
	EndGlobalSection
	GlobalSection(ExtensibilityGlobals) = postSolution
		SolutionGuid = {00E031A4-A73C-4334-888C-B9881BA59B7F}
	EndGlobalSection
EndGlobal
