
Microsoft Visual Studio Solution File, Format Version 12.00
# Visual Studio Version 17
VisualStudioVersion = 17.14.37628.2 d17.14
MinimumVisualStudioVersion = 10.0.40219.1
Project("{FAE04EC0-301F-11D3-BF4B-00C04F79EFBC}") = "HomeAssignmenthotel", "HomeAssignmenthotel\HomeAssignmenthotel.csproj", "{726D2DB8-4CEB-4FAC-855B-7C86FE1E4AA2}"
EndProject
Global
	GlobalSection(SolutionConfigurationPlatforms) = preSolution
		Debug|Any CPU = Debug|Any CPU
		Release|Any CPU = Release|Any CPU
	EndGlobalSection
	GlobalSection(ProjectConfigurationPlatforms) = postSolution
		{726D2DB8-4CEB-4FAC-855B-7C86FE1E4AA2}.Debug|Any CPU.ActiveCfg = Debug|Any CPU
		{726D2DB8-4CEB-4FAC-855B-7C86FE1E4AA2}.Debug|Any CPU.Build.0 = Debug|Any CPU
		{726D2DB8-4CEB-4FAC-855B-7C86FE1E4AA2}.Release|Any CPU.ActiveCfg = Release|Any CPU
		{726D2DB8-4CEB-4FAC-855B-7C86FE1E4AA2}.Release|Any CPU.Build.0 = Release|Any CPU
	EndGlobalSection
	GlobalSection(SolutionProperties) = preSolution
		HideSolutionNode = FALSE
	EndGlobalSection
	GlobalSection(ExtensibilityGlobals) = postSolution
		SolutionGuid = {428C66A0-490D-4D57-8500-3ED4DBB88E60}
	EndGlobalSection
EndGlobal
