
Microsoft Visual Studio Solution File, Format Version 12.00
# Visual Studio Version 17
VisualStudioVersion = 17.14.37628.2 d17.14
MinimumVisualStudioVersion = 10.0.40219.1
Project("{FAE04EC0-301F-11D3-BF4B-00C04F79EFBC}") = "Range Checker Application", "Range Checker Application\Range Checker Application.csproj", "{1F87E1C8-24A0-4654-9B4F-FE5A71C61CE7}"
EndProject
Global
	GlobalSection(SolutionConfigurationPlatforms) = preSolution
		Debug|Any CPU = Debug|Any CPU
		Release|Any CPU = Release|Any CPU
	EndGlobalSection
	GlobalSection(ProjectConfigurationPlatforms) = postSolution
		{1F87E1C8-24A0-4654-9B4F-FE5A71C61CE7}.Debug|Any CPU.ActiveCfg = Debug|Any CPU
		{1F87E1C8-24A0-4654-9B4F-FE5A71C61CE7}.Debug|Any CPU.Build.0 = Debug|Any CPU
		{1F87E1C8-24A0-4654-9B4F-FE5A71C61CE7}.Release|Any CPU.ActiveCfg = Release|Any CPU
		{1F87E1C8-24A0-4654-9B4F-FE5A71C61CE7}.Release|Any CPU.Build.0 = Release|Any CPU
	EndGlobalSection
	GlobalSection(SolutionProperties) = preSolution
		HideSolutionNode = FALSE
	EndGlobalSection
	GlobalSection(ExtensibilityGlobals) = postSolution
		SolutionGuid = {2689AB1E-339C-4A44-803F-86C3B4240A0E}
	EndGlobalSection
EndGlobal
